dependencies:
- name: memcached
  repository: oci://registry-1.docker.io/bitnamicharts
  version: 7.5.2
- name: redis
  repository: oci://registry-1.docker.io/bitnamicharts
  version: 17.11.3
- name: kafka
  repository: oci://registry-1.docker.io/bitnamicharts
  version: 29.3.14
- name: clickhouse
  repository: https://sentry-kubernetes.github.io/charts
  version: 3.14.1
- name: zookeeper
  repository: oci://registry-1.docker.io/bitnamicharts
  version: 11.4.11
- name: rabbitmq
  repository: oci://registry-1.docker.io/bitnamicharts
  version: 15.5.1
- name: postgresql
  repository: oci://registry-1.docker.io/bitnamicharts
  version: 12.5.1
- name: nginx
  repository: oci://registry-1.docker.io/bitnamicharts
  version: 18.2.5
digest: sha256:a4f80326de3e23352a2e1878a8efacf149bf03eec3c811c340b8950102873e62
generated: "2025-04-09T21:43:48.657676546Z"
